
Microsoft Visual Studio Solution File, Format Version 12.00
# Visual Studio Version 16
VisualStudioVersion = 16.0.30611.23
MinimumVisualStudioVersion = 10.0.40219.1
Project("{FAE04EC0-301F-11D3-BF4B-00C04F79EFBC}") = "GymMaster", "GymMaster\GymMaster.csproj", "{C217D063-C33A-4837-93FD-195A140C3C14}"
EndProject
Project("{2150E333-8FDC-42A3-9474-1A3956D46DE8}") = "Solution Items", "Solution Items", "{E71C61CF-DF7C-4D02-948B-5838DAD6BD5D}"
	ProjectSection(SolutionItems) = preProject
		.editorconfig = .editorconfig
	EndProjectSection
EndProject
Global
	GlobalSection(SolutionConfigurationPlatforms) = preSolution
		Debug|Any CPU = Debug|Any CPU
		Release|Any CPU = Release|Any CPU
	EndGlobalSection
	GlobalSection(ProjectConfigurationPlatforms) = postSolution
		{C217D063-C33A-4837-93FD-195A140C3C14}.Debug|Any CPU.ActiveCfg = Debug|Any CPU
		{C217D063-C33A-4837-93FD-195A140C3C14}.Debug|Any CPU.Build.0 = Debug|Any CPU
		{C217D063-C33A-4837-93FD-195A140C3C14}.Release|Any CPU.ActiveCfg = Release|Any CPU
		{C217D063-C33A-4837-93FD-195A140C3C14}.Release|Any CPU.Build.0 = Release|Any CPU
	EndGlobalSection
	GlobalSection(SolutionProperties) = preSolution
		HideSolutionNode = FALSE
	EndGlobalSection
	GlobalSection(ExtensibilityGlobals) = postSolution
		SolutionGuid = {C9FA4E23-269F-49E0-A965-31DE54225E7D}
	EndGlobalSection
EndGlobal
